// !$*UTF8*$!
{
	archiveVersion = 1;
	classes = {
	};
	objectVersion = 46;
	objects = {

/* Begin PBXBuildFile section */
		B44452A619A045E1009D0787 /* STAJeep.m in Sources */ = {isa = PBXBuildFile; fileRef = B44452A519A045E1009D0787 /* STAJeep.m */; };
		B44452A919A14B0E009D0787 /* STAShotgunTank.m in Sources */ = {isa = PBXBuildFile; fileRef = B44452A819A14B0E009D0787 /* STAShotgunTank.m */; };
		B44452AD19A1694F009D0787 /* STASniperTank.m in Sources */ = {isa = PBXBuildFile; fileRef = B44452AC19A1694F009D0787 /* STASniperTank.m */; };
		B44452B819A315FD009D0787 /* STAMCManager.m in Sources */ = {isa = PBXBuildFile; fileRef = B44452B719A315FD009D0787 /* STAMCManager.m */; };
		B44452BB19A8F7C9009D0787 /* STAConnectionsViewController.m in Sources */ = {isa = PBXBuildFile; fileRef = B44452BA19A8F7C9009D0787 /* STAConnectionsViewController.m */; };
		B44452C419A8FA66009D0787 /* STAAppUtil.m in Sources */ = {isa = PBXBuildFile; fileRef = B44452C319A8FA66009D0787 /* STAAppUtil.m */; };
		B46B996619C40FE700EE44CC /* libTestFlight.a in Frameworks */ = {isa = PBXBuildFile; fileRef = B46B996219C40FE700EE44CC /* libTestFlight.a */; };
		B46B996819C4102500EE44CC /* libz.dylib in Frameworks */ = {isa = PBXBuildFile; fileRef = B46B996719C4102500EE44CC /* libz.dylib */; };
		B49DB6DD19C6056600D6B23F /* libFlurryAds_5.3.0.a in Frameworks */ = {isa = PBXBuildFile; fileRef = B49DB6DC19C6056600D6B23F /* libFlurryAds_5.3.0.a */; };
		B49DB6E119C6064400D6B23F /* libFlurry_5.3.0.a in Frameworks */ = {isa = PBXBuildFile; fileRef = B49DB6E019C6064400D6B23F /* libFlurry_5.3.0.a */; };
		B49DB6E519C609CF00D6B23F /* MediaPlayer.framework in Frameworks */ = {isa = PBXBuildFile; fileRef = B49DB6E419C609CF00D6B23F /* MediaPlayer.framework */; };
		B49DB6E719C609D600D6B23F /* Security.framework in Frameworks */ = {isa = PBXBuildFile; fileRef = B49DB6E619C609D600D6B23F /* Security.framework */; };
		B49DB6E919C609F200D6B23F /* SystemConfiguration.framework in Frameworks */ = {isa = PBXBuildFile; fileRef = B49DB6E819C609F200D6B23F /* SystemConfiguration.framework */; };
		B49DB6EA19C60A1900D6B23F /* AdSupport.framework in Frameworks */ = {isa = PBXBuildFile; fileRef = B49DB6E219C609C200D6B23F /* AdSupport.framework */; };
		B49DB6EC19C60A1F00D6B23F /* StoreKit.framework in Frameworks */ = {isa = PBXBuildFile; fileRef = B49DB6EB19C60A1F00D6B23F /* StoreKit.framework */; };
		B4A9CE4819A981600097AAF0 /* STAMultiPlayerSelect.m in Sources */ = {isa = PBXBuildFile; fileRef = B4A9CE4719A981600097AAF0 /* STAMultiPlayerSelect.m */; };
		B4A9CE4B19AA5C4A0097AAF0 /* STAMultiPlayBattleStage.m in Sources */ = {isa = PBXBuildFile; fileRef = B4A9CE4A19AA5C4A0097AAF0 /* STAMultiPlayBattleStage.m */; };
		B4B12F93195F5A5A005DBFF4 /* Foundation.framework in Frameworks */ = {isa = PBXBuildFile; fileRef = B4B12F92195F5A5A005DBFF4 /* Foundation.framework */; };
		B4B12F95195F5A5A005DBFF4 /* CoreGraphics.framework in Frameworks */ = {isa = PBXBuildFile; fileRef = B4B12F94195F5A5A005DBFF4 /* CoreGraphics.framework */; };
		B4B12F97195F5A5A005DBFF4 /* UIKit.framework in Frameworks */ = {isa = PBXBuildFile; fileRef = B4B12F96195F5A5A005DBFF4 /* UIKit.framework */; };
		B4B12F99195F5A5A005DBFF4 /* SpriteKit.framework in Frameworks */ = {isa = PBXBuildFile; fileRef = B4B12F98195F5A5A005DBFF4 /* SpriteKit.framework */; };
		B4B12F9F195F5A5A005DBFF4 /* InfoPlist.strings in Resources */ = {isa = PBXBuildFile; fileRef = B4B12F9D195F5A5A005DBFF4 /* InfoPlist.strings */; };
		B4B12FA1195F5A5A005DBFF4 /* main.m in Sources */ = {isa = PBXBuildFile; fileRef = B4B12FA0195F5A5A005DBFF4 /* main.m */; };
		B4B12FA5195F5A5A005DBFF4 /* STAAppDelegate.m in Sources */ = {isa = PBXBuildFile; fileRef = B4B12FA4195F5A5A005DBFF4 /* STAAppDelegate.m */; };
		B4B12FA8195F5A5A005DBFF4 /* Main_iPhone.storyboard in Resources */ = {isa = PBXBuildFile; fileRef = B4B12FA6195F5A5A005DBFF4 /* Main_iPhone.storyboard */; };
		B4B12FAB195F5A5A005DBFF4 /* Main_iPad.storyboard in Resources */ = {isa = PBXBuildFile; fileRef = B4B12FA9195F5A5A005DBFF4 /* Main_iPad.storyboard */; };
		B4B12FAE195F5A5A005DBFF4 /* STAViewController.m in Sources */ = {isa = PBXBuildFile; fileRef = B4B12FAD195F5A5A005DBFF4 /* STAViewController.m */; };
		B4B12FB1195F5A5A005DBFF4 /* STAMyScene.m in Sources */ = {isa = PBXBuildFile; fileRef = B4B12FB0195F5A5A005DBFF4 /* STAMyScene.m */; };
		B4B12FB5195F5A5A005DBFF4 /* Images.xcassets in Resources */ = {isa = PBXBuildFile; fileRef = B4B12FB4195F5A5A005DBFF4 /* Images.xcassets */; };
		B4B12FBC195F5A5B005DBFF4 /* XCTest.framework in Frameworks */ = {isa = PBXBuildFile; fileRef = B4B12FBB195F5A5B005DBFF4 /* XCTest.framework */; };
		B4B12FBD195F5A5B005DBFF4 /* Foundation.framework in Frameworks */ = {isa = PBXBuildFile; fileRef = B4B12F92195F5A5A005DBFF4 /* Foundation.framework */; };
		B4B12FBE195F5A5B005DBFF4 /* UIKit.framework in Frameworks */ = {isa = PBXBuildFile; fileRef = B4B12F96195F5A5A005DBFF4 /* UIKit.framework */; };
		B4B12FC6195F5A5B005DBFF4 /* InfoPlist.strings in Resources */ = {isa = PBXBuildFile; fileRef = B4B12FC4195F5A5B005DBFF4 /* InfoPlist.strings */; };
		B4B12FC8195F5A5B005DBFF4 /* StealthAttackTests.m in Sources */ = {isa = PBXBuildFile; fileRef = B4B12FC7195F5A5B005DBFF4 /* StealthAttackTests.m */; };
		B4B12FD3195F5BCF005DBFF4 /* STATank.m in Sources */ = {isa = PBXBuildFile; fileRef = B4B12FD2195F5BCF005DBFF4 /* STATank.m */; };
		B4B12FD6195F5DA7005DBFF4 /* STAConstants.m in Sources */ = {isa = PBXBuildFile; fileRef = B4B12FD5195F5DA7005DBFF4 /* STAConstants.m */; };
		B4B12FD9195F6443005DBFF4 /* STAEnemyTank.m in Sources */ = {isa = PBXBuildFile; fileRef = B4B12FD8195F6443005DBFF4 /* STAEnemyTank.m */; };
		B4B12FDC195F645F005DBFF4 /* STABullet.m in Sources */ = {isa = PBXBuildFile; fileRef = B4B12FDB195F645F005DBFF4 /* STABullet.m */; };
		B4B12FE0195F6813005DBFF4 /* STAButton.m in Sources */ = {isa = PBXBuildFile; fileRef = B4B12FDF195F6813005DBFF4 /* STAButton.m */; };
		B4B12FE41969AE1B005DBFF4 /* STAStage.m in Sources */ = {isa = PBXBuildFile; fileRef = B4B12FE31969AE1B005DBFF4 /* STAStage.m */; };
		B4B12FE819717A83005DBFF4 /* STAMainMenu.m in Sources */ = {isa = PBXBuildFile; fileRef = B4B12FE719717A83005DBFF4 /* STAMainMenu.m */; };
		B4B12FEC1971874A005DBFF4 /* PressStart2P-Regular.ttf in Resources */ = {isa = PBXBuildFile; fileRef = B4B12FEB1971874A005DBFF4 /* PressStart2P-Regular.ttf */; };
		B4B12FF0197189B7005DBFF4 /* LIBRIUM_.ttf in Resources */ = {isa = PBXBuildFile; fileRef = B4B12FEF197189B7005DBFF4 /* LIBRIUM_.ttf */; };
		B4B12FF219718CE2005DBFF4 /* TRON.TTF in Resources */ = {isa = PBXBuildFile; fileRef = B4B12FF119718CE2005DBFF4 /* TRON.TTF */; };
		B4B12FF4197196BD005DBFF4 /* phaserbank.ttf in Resources */ = {isa = PBXBuildFile; fileRef = B4B12FF3197196BD005DBFF4 /* phaserbank.ttf */; };
		B4B12FF8197198A5005DBFF4 /* GRIDEG__.TTF in Resources */ = {isa = PBXBuildFile; fileRef = B4B12FF7197198A5005DBFF4 /* GRIDEG__.TTF */; };
		B4B12FFB1971A3E7005DBFF4 /* STASinglePlayerSelectOpponent.m in Sources */ = {isa = PBXBuildFile; fileRef = B4B12FFA1971A3E7005DBFF4 /* STASinglePlayerSelectOpponent.m */; };
		B4B12FFF1971F73C005DBFF4 /* STABattleStage.m in Sources */ = {isa = PBXBuildFile; fileRef = B4B12FFE1971F73C005DBFF4 /* STABattleStage.m */; };
		B4E5970C197C8F53003A87C0 /* STAAI.m in Sources */ = {isa = PBXBuildFile; fileRef = B4E5970B197C8F53003A87C0 /* STAAI.m */; };
/* End PBXBuildFile section */

/* Begin PBXContainerItemProxy section */
		B4B12FBF195F5A5B005DBFF4 /* PBXContainerItemProxy */ = {
			isa = PBXContainerItemProxy;
			containerPortal = B4B12F87195F5A5A005DBFF4 /* Project object */;
			proxyType = 1;
			remoteGlobalIDString = B4B12F8E195F5A5A005DBFF4;
			remoteInfo = StealthAttack;
		};
/* End PBXContainerItemProxy section */

/* Begin PBXFileReference section */
		B44452A419A045E1009D0787 /* STAJeep.h */ = {isa = PBXFileReference; fileEncoding = 4; lastKnownFileType = sourcecode.c.h; path = STAJeep.h; sourceTree = "<group>"; };
		B44452A519A045E1009D0787 /* STAJeep.m */ = {isa = PBXFileReference; fileEncoding = 4; lastKnownFileType = sourcecode.c.objc; path = STAJeep.m; sourceTree = "<group>"; };
		B44452A719A14B0E009D0787 /* STAShotgunTank.h */ = {isa = PBXFileReference; fileEncoding = 4; lastKnownFileType = sourcecode.c.h; path = STAShotgunTank.h; sourceTree = "<group>"; };
		B44452A819A14B0E009D0787 /* STAShotgunTank.m */ = {isa = PBXFileReference; fileEncoding = 4; lastKnownFileType = sourcecode.c.objc; path = STAShotgunTank.m; sourceTree = "<group>"; };
		B44452AB19A1694F009D0787 /* STASniperTank.h */ = {isa = PBXFileReference; fileEncoding = 4; lastKnownFileType = sourcecode.c.h; path = STASniperTank.h; sourceTree = "<group>"; };
		B44452AC19A1694F009D0787 /* STASniperTank.m */ = {isa = PBXFileReference; fileEncoding = 4; lastKnownFileType = sourcecode.c.objc; path = STASniperTank.m; sourceTree = "<group>"; };
		B44452B619A315FD009D0787 /* STAMCManager.h */ = {isa = PBXFileReference; fileEncoding = 4; lastKnownFileType = sourcecode.c.h; path = STAMCManager.h; sourceTree = "<group>"; };
		B44452B719A315FD009D0787 /* STAMCManager.m */ = {isa = PBXFileReference; fileEncoding = 4; lastKnownFileType = sourcecode.c.objc; path = STAMCManager.m; sourceTree = "<group>"; };
		B44452B919A8F7C9009D0787 /* STAConnectionsViewController.h */ = {isa = PBXFileReference; fileEncoding = 4; lastKnownFileType = sourcecode.c.h; path = STAConnectionsViewController.h; sourceTree = "<group>"; };
		B44452BA19A8F7C9009D0787 /* STAConnectionsViewController.m */ = {isa = PBXFileReference; fileEncoding = 4; lastKnownFileType = sourcecode.c.objc; path = STAConnectionsViewController.m; sourceTree = "<group>"; };
		B44452C219A8FA66009D0787 /* STAAppUtil.h */ = {isa = PBXFileReference; fileEncoding = 4; lastKnownFileType = sourcecode.c.h; path = STAAppUtil.h; sourceTree = "<group>"; };
		B44452C319A8FA66009D0787 /* STAAppUtil.m */ = {isa = PBXFileReference; fileEncoding = 4; lastKnownFileType = sourcecode.c.objc; path = STAAppUtil.m; sourceTree = "<group>"; };
		B46B996219C40FE700EE44CC /* libTestFlight.a */ = {isa = PBXFileReference; lastKnownFileType = archive.ar; path = libTestFlight.a; sourceTree = "<group>"; };
		B46B996319C40FE700EE44CC /* TestFlight.h */ = {isa = PBXFileReference; fileEncoding = 4; lastKnownFileType = sourcecode.c.h; path = TestFlight.h; sourceTree = "<group>"; };
		B46B996419C40FE700EE44CC /* TestFlight+AsyncLogging.h */ = {isa = PBXFileReference; fileEncoding = 4; lastKnownFileType = sourcecode.c.h; path = "TestFlight+AsyncLogging.h"; sourceTree = "<group>"; };
		B46B996519C40FE700EE44CC /* TestFlight+ManualSessions.h */ = {isa = PBXFileReference; fileEncoding = 4; lastKnownFileType = sourcecode.c.h; path = "TestFlight+ManualSessions.h"; sourceTree = "<group>"; };
		B46B996719C4102500EE44CC /* libz.dylib */ = {isa = PBXFileReference; lastKnownFileType = "compiled.mach-o.dylib"; name = libz.dylib; path = usr/lib/libz.dylib; sourceTree = SDKROOT; };
		B49DB6DA19C6056600D6B23F /* FlurryAdDelegate.h */ = {isa = PBXFileReference; fileEncoding = 4; lastKnownFileType = sourcecode.c.h; path = FlurryAdDelegate.h; sourceTree = "<group>"; };
		B49DB6DB19C6056600D6B23F /* FlurryAds.h */ = {isa = PBXFileReference; fileEncoding = 4; lastKnownFileType = sourcecode.c.h; path = FlurryAds.h; sourceTree = "<group>"; };
		B49DB6DC19C6056600D6B23F /* libFlurryAds_5.3.0.a */ = {isa = PBXFileReference; lastKnownFileType = archive.ar; path = libFlurryAds_5.3.0.a; sourceTree = "<group>"; };
		B49DB6DF19C6064400D6B23F /* Flurry.h */ = {isa = PBXFileReference; fileEncoding = 4; lastKnownFileType = sourcecode.c.h; path = Flurry.h; sourceTree = "<group>"; };
		B49DB6E019C6064400D6B23F /* libFlurry_5.3.0.a */ = {isa = PBXFileReference; lastKnownFileType = archive.ar; path = libFlurry_5.3.0.a; sourceTree = "<group>"; };
		B49DB6E219C609C200D6B23F /* AdSupport.framework */ = {isa = PBXFileReference; lastKnownFileType = wrapper.framework; name = AdSupport.framework; path = System/Library/Frameworks/AdSupport.framework; sourceTree = SDKROOT; };
		B49DB6E419C609CF00D6B23F /* MediaPlayer.framework */ = {isa = PBXFileReference; lastKnownFileType = wrapper.framework; name = MediaPlayer.framework; path = System/Library/Frameworks/MediaPlayer.framework; sourceTree = SDKROOT; };
		B49DB6E619C609D600D6B23F /* Security.framework */ = {isa = PBXFileReference; lastKnownFileType = wrapper.framework; name = Security.framework; path = System/Library/Frameworks/Security.framework; sourceTree = SDKROOT; };
		B49DB6E819C609F200D6B23F /* SystemConfiguration.framework */ = {isa = PBXFileReference; lastKnownFileType = wrapper.framework; name = SystemConfiguration.framework; path = System/Library/Frameworks/SystemConfiguration.framework; sourceTree = SDKROOT; };
		B49DB6EB19C60A1F00D6B23F /* StoreKit.framework */ = {isa = PBXFileReference; lastKnownFileType = wrapper.framework; name = StoreKit.framework; path = System/Library/Frameworks/StoreKit.framework; sourceTree = SDKROOT; };
		B4A9CE4619A981600097AAF0 /* STAMultiPlayerSelect.h */ = {isa = PBXFileReference; fileEncoding = 4; lastKnownFileType = sourcecode.c.h; path = STAMultiPlayerSelect.h; sourceTree = "<group>"; };
		B4A9CE4719A981600097AAF0 /* STAMultiPlayerSelect.m */ = {isa = PBXFileReference; fileEncoding = 4; lastKnownFileType = sourcecode.c.objc; path = STAMultiPlayerSelect.m; sourceTree = "<group>"; };
		B4A9CE4919AA5C4A0097AAF0 /* STAMultiPlayBattleStage.h */ = {isa = PBXFileReference; fileEncoding = 4; lastKnownFileType = sourcecode.c.h; path = STAMultiPlayBattleStage.h; sourceTree = "<group>"; };
		B4A9CE4A19AA5C4A0097AAF0 /* STAMultiPlayBattleStage.m */ = {isa = PBXFileReference; fileEncoding = 4; lastKnownFileType = sourcecode.c.objc; path = STAMultiPlayBattleStage.m; sourceTree = "<group>"; };
		B4B12F8F195F5A5A005DBFF4 /* StealthAttack.app */ = {isa = PBXFileReference; explicitFileType = wrapper.application; includeInIndex = 0; path = StealthAttack.app; sourceTree = BUILT_PRODUCTS_DIR; };
		B4B12F92195F5A5A005DBFF4 /* Foundation.framework */ = {isa = PBXFileReference; lastKnownFileType = wrapper.framework; name = Foundation.framework; path = System/Library/Frameworks/Foundation.framework; sourceTree = SDKROOT; };
		B4B12F94195F5A5A005DBFF4 /* CoreGraphics.framework */ = {isa = PBXFileReference; lastKnownFileType = wrapper.framework; name = CoreGraphics.framework; path = System/Library/Frameworks/CoreGraphics.framework; sourceTree = SDKROOT; };
		B4B12F96195F5A5A005DBFF4 /* UIKit.framework */ = {isa = PBXFileReference; lastKnownFileType = wrapper.framework; name = UIKit.framework; path = System/Library/Frameworks/UIKit.framework; sourceTree = SDKROOT; };
		B4B12F98195F5A5A005DBFF4 /* SpriteKit.framework */ = {isa = PBXFileReference; lastKnownFileType = wrapper.framework; name = SpriteKit.framework; path = System/Library/Frameworks/SpriteKit.framework; sourceTree = SDKROOT; };
		B4B12F9C195F5A5A005DBFF4 /* StealthAttack-Info.plist */ = {isa = PBXFileReference; lastKnownFileType = text.plist.xml; path = "StealthAttack-Info.plist"; sourceTree = "<group>"; };
		B4B12F9E195F5A5A005DBFF4 /* en */ = {isa = PBXFileReference; lastKnownFileType = text.plist.strings; name = en; path = en.lproj/InfoPlist.strings; sourceTree = "<group>"; };
		B4B12FA0195F5A5A005DBFF4 /* main.m */ = {isa = PBXFileReference; lastKnownFileType = sourcecode.c.objc; path = main.m; sourceTree = "<group>"; };
		B4B12FA2195F5A5A005DBFF4 /* StealthAttack-Prefix.pch */ = {isa = PBXFileReference; lastKnownFileType = sourcecode.c.h; path = "StealthAttack-Prefix.pch"; sourceTree = "<group>"; };
		B4B12FA3195F5A5A005DBFF4 /* STAAppDelegate.h */ = {isa = PBXFileReference; lastKnownFileType = sourcecode.c.h; path = STAAppDelegate.h; sourceTree = "<group>"; };
		B4B12FA4195F5A5A005DBFF4 /* STAAppDelegate.m */ = {isa = PBXFileReference; lastKnownFileType = sourcecode.c.objc; path = STAAppDelegate.m; sourceTree = "<group>"; };
		B4B12FA7195F5A5A005DBFF4 /* Base */ = {isa = PBXFileReference; lastKnownFileType = file.storyboard; name = Base; path = Base.lproj/Main_iPhone.storyboard; sourceTree = "<group>"; };
		B4B12FAA195F5A5A005DBFF4 /* Base */ = {isa = PBXFileReference; lastKnownFileType = file.storyboard; name = Base; path = Base.lproj/Main_iPad.storyboard; sourceTree = "<group>"; };
		B4B12FAC195F5A5A005DBFF4 /* STAViewController.h */ = {isa = PBXFileReference; lastKnownFileType = sourcecode.c.h; path = STAViewController.h; sourceTree = "<group>"; };
		B4B12FAD195F5A5A005DBFF4 /* STAViewController.m */ = {isa = PBXFileReference; lastKnownFileType = sourcecode.c.objc; path = STAViewController.m; sourceTree = "<group>"; };
		B4B12FAF195F5A5A005DBFF4 /* STAMyScene.h */ = {isa = PBXFileReference; lastKnownFileType = sourcecode.c.h; path = STAMyScene.h; sourceTree = "<group>"; };
		B4B12FB0195F5A5A005DBFF4 /* STAMyScene.m */ = {isa = PBXFileReference; lastKnownFileType = sourcecode.c.objc; path = STAMyScene.m; sourceTree = "<group>"; };
		B4B12FB4195F5A5A005DBFF4 /* Images.xcassets */ = {isa = PBXFileReference; lastKnownFileType = folder.assetcatalog; path = Images.xcassets; sourceTree = "<group>"; };
		B4B12FBA195F5A5B005DBFF4 /* StealthAttackTests.xctest */ = {isa = PBXFileReference; explicitFileType = wrapper.cfbundle; includeInIndex = 0; path = StealthAttackTests.xctest; sourceTree = BUILT_PRODUCTS_DIR; };
		B4B12FBB195F5A5B005DBFF4 /* XCTest.framework */ = {isa = PBXFileReference; lastKnownFileType = wrapper.framework; name = XCTest.framework; path = Library/Frameworks/XCTest.framework; sourceTree = DEVELOPER_DIR; };
		B4B12FC3195F5A5B005DBFF4 /* StealthAttackTests-Info.plist */ = {isa = PBXFileReference; lastKnownFileType = text.plist.xml; path = "StealthAttackTests-Info.plist"; sourceTree = "<group>"; };
		B4B12FC5195F5A5B005DBFF4 /* en */ = {isa = PBXFileReference; lastKnownFileType = text.plist.strings; name = en; path = en.lproj/InfoPlist.strings; sourceTree = "<group>"; };
		B4B12FC7195F5A5B005DBFF4 /* StealthAttackTests.m */ = {isa = PBXFileReference; lastKnownFileType = sourcecode.c.objc; path = StealthAttackTests.m; sourceTree = "<group>"; };
		B4B12FD1195F5BCF005DBFF4 /* STATank.h */ = {isa = PBXFileReference; fileEncoding = 4; lastKnownFileType = sourcecode.c.h; path = STATank.h; sourceTree = "<group>"; };
		B4B12FD2195F5BCF005DBFF4 /* STATank.m */ = {isa = PBXFileReference; fileEncoding = 4; lastKnownFileType = sourcecode.c.objc; path = STATank.m; sourceTree = "<group>"; };
		B4B12FD4195F5DA7005DBFF4 /* STAConstants.h */ = {isa = PBXFileReference; fileEncoding = 4; lastKnownFileType = sourcecode.c.h; path = STAConstants.h; sourceTree = "<group>"; };
		B4B12FD5195F5DA7005DBFF4 /* STAConstants.m */ = {isa = PBXFileReference; fileEncoding = 4; lastKnownFileType = sourcecode.c.objc; path = STAConstants.m; sourceTree = "<group>"; };
		B4B12FD7195F6443005DBFF4 /* STAEnemyTank.h */ = {isa = PBXFileReference; fileEncoding = 4; lastKnownFileType = sourcecode.c.h; path = STAEnemyTank.h; sourceTree = "<group>"; };
		B4B12FD8195F6443005DBFF4 /* STAEnemyTank.m */ = {isa = PBXFileReference; fileEncoding = 4; lastKnownFileType = sourcecode.c.objc; path = STAEnemyTank.m; sourceTree = "<group>"; };
		B4B12FDA195F645F005DBFF4 /* STABullet.h */ = {isa = PBXFileReference; fileEncoding = 4; lastKnownFileType = sourcecode.c.h; path = STABullet.h; sourceTree = "<group>"; };
		B4B12FDB195F645F005DBFF4 /* STABullet.m */ = {isa = PBXFileReference; fileEncoding = 4; lastKnownFileType = sourcecode.c.objc; path = STABullet.m; sourceTree = "<group>"; };
		B4B12FDD195F650D005DBFF4 /* STAGameObject.h */ = {isa = PBXFileReference; lastKnownFileType = sourcecode.c.h; path = STAGameObject.h; sourceTree = "<group>"; };
		B4B12FDE195F6813005DBFF4 /* STAButton.h */ = {isa = PBXFileReference; fileEncoding = 4; lastKnownFileType = sourcecode.c.h; path = STAButton.h; sourceTree = "<group>"; };
		B4B12FDF195F6813005DBFF4 /* STAButton.m */ = {isa = PBXFileReference; fileEncoding = 4; lastKnownFileType = sourcecode.c.objc; path = STAButton.m; sourceTree = "<group>"; };
		B4B12FE21969AE1B005DBFF4 /* STAStage.h */ = {isa = PBXFileReference; fileEncoding = 4; lastKnownFileType = sourcecode.c.h; path = STAStage.h; sourceTree = "<group>"; };
		B4B12FE31969AE1B005DBFF4 /* STAStage.m */ = {isa = PBXFileReference; fileEncoding = 4; lastKnownFileType = sourcecode.c.objc; path = STAStage.m; sourceTree = "<group>"; };
		B4B12FE51969B2FC005DBFF4 /* STAStageObject.h */ = {isa = PBXFileReference; lastKnownFileType = sourcecode.c.h; path = STAStageObject.h; sourceTree = "<group>"; };
		B4B12FE619717A83005DBFF4 /* STAMainMenu.h */ = {isa = PBXFileReference; fileEncoding = 4; lastKnownFileType = sourcecode.c.h; path = STAMainMenu.h; sourceTree = "<group>"; };
		B4B12FE719717A83005DBFF4 /* STAMainMenu.m */ = {isa = PBXFileReference; fileEncoding = 4; lastKnownFileType = sourcecode.c.objc; path = STAMainMenu.m; sourceTree = "<group>"; };
		B4B12FEB1971874A005DBFF4 /* PressStart2P-Regular.ttf */ = {isa = PBXFileReference; lastKnownFileType = file; path = "PressStart2P-Regular.ttf"; sourceTree = "<group>"; };
		B4B12FEF197189B7005DBFF4 /* LIBRIUM_.ttf */ = {isa = PBXFileReference; lastKnownFileType = file; path = LIBRIUM_.ttf; sourceTree = "<group>"; };
		B4B12FF119718CE2005DBFF4 /* TRON.TTF */ = {isa = PBXFileReference; lastKnownFileType = file; path = TRON.TTF; sourceTree = "<group>"; };
		B4B12FF3197196BD005DBFF4 /* phaserbank.ttf */ = {isa = PBXFileReference; lastKnownFileType = file; path = phaserbank.ttf; sourceTree = "<group>"; };
		B4B12FF7197198A5005DBFF4 /* GRIDEG__.TTF */ = {isa = PBXFileReference; lastKnownFileType = file; path = GRIDEG__.TTF; sourceTree = "<group>"; };
		B4B12FF91971A3E7005DBFF4 /* STASinglePlayerSelectOpponent.h */ = {isa = PBXFileReference; fileEncoding = 4; lastKnownFileType = sourcecode.c.h; path = STASinglePlayerSelectOpponent.h; sourceTree = "<group>"; };
		B4B12FFA1971A3E7005DBFF4 /* STASinglePlayerSelectOpponent.m */ = {isa = PBXFileReference; fileEncoding = 4; lastKnownFileType = sourcecode.c.objc; path = STASinglePlayerSelectOpponent.m; sourceTree = "<group>"; };
		B4B12FFD1971F73C005DBFF4 /* STABattleStage.h */ = {isa = PBXFileReference; fileEncoding = 4; lastKnownFileType = sourcecode.c.h; path = STABattleStage.h; sourceTree = "<group>"; };
		B4B12FFE1971F73C005DBFF4 /* STABattleStage.m */ = {isa = PBXFileReference; fileEncoding = 4; lastKnownFileType = sourcecode.c.objc; path = STABattleStage.m; sourceTree = "<group>"; };
		B4E5970A197C8F53003A87C0 /* STAAI.h */ = {isa = PBXFileReference; fileEncoding = 4; lastKnownFileType = sourcecode.c.h; path = STAAI.h; sourceTree = "<group>"; };
		B4E5970B197C8F53003A87C0 /* STAAI.m */ = {isa = PBXFileReference; fileEncoding = 4; lastKnownFileType = sourcecode.c.objc; path = STAAI.m; sourceTree = "<group>"; };
/* End PBXFileReference section */

/* Begin PBXFrameworksBuildPhase section */
		B4B12F8C195F5A5A005DBFF4 /* Frameworks */ = {
			isa = PBXFrameworksBuildPhase;
			buildActionMask = 2147483647;
			files = (
				B49DB6EC19C60A1F00D6B23F /* StoreKit.framework in Frameworks */,
				B49DB6EA19C60A1900D6B23F /* AdSupport.framework in Frameworks */,
				B46B996819C4102500EE44CC /* libz.dylib in Frameworks */,
				B49DB6E919C609F200D6B23F /* SystemConfiguration.framework in Frameworks */,
				B49DB6E719C609D600D6B23F /* Security.framework in Frameworks */,
				B49DB6E519C609CF00D6B23F /* MediaPlayer.framework in Frameworks */,
				B46B996619C40FE700EE44CC /* libTestFlight.a in Frameworks */,
				B4B12F95195F5A5A005DBFF4 /* CoreGraphics.framework in Frameworks */,
				B4B12F97195F5A5A005DBFF4 /* UIKit.framework in Frameworks */,
				B4B12F99195F5A5A005DBFF4 /* SpriteKit.framework in Frameworks */,
				B4B12F93195F5A5A005DBFF4 /* Foundation.framework in Frameworks */,
				B49DB6E119C6064400D6B23F /* libFlurry_5.3.0.a in Frameworks */,
				B49DB6DD19C6056600D6B23F /* libFlurryAds_5.3.0.a in Frameworks */,
			);
			runOnlyForDeploymentPostprocessing = 0;
		};
		B4B12FB7195F5A5B005DBFF4 /* Frameworks */ = {
			isa = PBXFrameworksBuildPhase;
			buildActionMask = 2147483647;
			files = (
				B4B12FBC195F5A5B005DBFF4 /* XCTest.framework in Frameworks */,
				B4B12FBE195F5A5B005DBFF4 /* UIKit.framework in Frameworks */,
				B4B12FBD195F5A5B005DBFF4 /* Foundation.framework in Frameworks */,
			);
			runOnlyForDeploymentPostprocessing = 0;
		};
/* End PBXFrameworksBuildPhase section */

/* Begin PBXGroup section */
		B44452C119A8FA4F009D0787 /* utils */ = {
			isa = PBXGroup;
			children = (
				B44452C219A8FA66009D0787 /* STAAppUtil.h */,
				B44452C319A8FA66009D0787 /* STAAppUtil.m */,
			);
			name = utils;
			sourceTree = "<group>";
		};
		B49DB6D919C6056600D6B23F /* FlurryAds */ = {
			isa = PBXGroup;
			children = (
				B49DB6DA19C6056600D6B23F /* FlurryAdDelegate.h */,
				B49DB6DB19C6056600D6B23F /* FlurryAds.h */,
				B49DB6DC19C6056600D6B23F /* libFlurryAds_5.3.0.a */,
			);
			name = FlurryAds;
			path = ../FlurryAds;
			sourceTree = "<group>";
		};
		B49DB6DE19C6064400D6B23F /* Flurry */ = {
			isa = PBXGroup;
			children = (
				B49DB6DF19C6064400D6B23F /* Flurry.h */,
				B49DB6E019C6064400D6B23F /* libFlurry_5.3.0.a */,
			);
			path = Flurry;
			sourceTree = "<group>";
		};
		B4B12F86195F5A5A005DBFF4 = {
			isa = PBXGroup;
			children = (
				B4B12F9A195F5A5A005DBFF4 /* StealthAttack */,
				B4B12FC1195F5A5B005DBFF4 /* StealthAttackTests */,
				B4B12F91195F5A5A005DBFF4 /* Frameworks */,
				B4B12F90195F5A5A005DBFF4 /* Products */,
			);
			sourceTree = "<group>";
		};
		B4B12F90195F5A5A005DBFF4 /* Products */ = {
			isa = PBXGroup;
			children = (
				B4B12F8F195F5A5A005DBFF4 /* StealthAttack.app */,
				B4B12FBA195F5A5B005DBFF4 /* StealthAttackTests.xctest */,
			);
			name = Products;
			sourceTree = "<group>";
		};
		B4B12F91195F5A5A005DBFF4 /* Frameworks */ = {
			isa = PBXGroup;
			children = (
				B49DB6EB19C60A1F00D6B23F /* StoreKit.framework */,
				B49DB6E819C609F200D6B23F /* SystemConfiguration.framework */,
				B49DB6E619C609D600D6B23F /* Security.framework */,
				B49DB6E419C609CF00D6B23F /* MediaPlayer.framework */,
				B49DB6E219C609C200D6B23F /* AdSupport.framework */,
				B46B996719C4102500EE44CC /* libz.dylib */,
				B4B12F92195F5A5A005DBFF4 /* Foundation.framework */,
				B4B12F94195F5A5A005DBFF4 /* CoreGraphics.framework */,
				B4B12F96195F5A5A005DBFF4 /* UIKit.framework */,
				B4B12F98195F5A5A005DBFF4 /* SpriteKit.framework */,
				B4B12FBB195F5A5B005DBFF4 /* XCTest.framework */,
			);
			name = Frameworks;
			sourceTree = "<group>";
		};
		B4B12F9A195F5A5A005DBFF4 /* StealthAttack */ = {
			isa = PBXGroup;
			children = (
				B49DB6D919C6056600D6B23F /* FlurryAds */,
				B44452C119A8FA4F009D0787 /* utils */,
				B4B12FE11969ADD1005DBFF4 /* stages */,
				B4B12FA3195F5A5A005DBFF4 /* STAAppDelegate.h */,
				B4B12FA4195F5A5A005DBFF4 /* STAAppDelegate.m */,
				B49DB6DE19C6064400D6B23F /* Flurry */,
				B46B996219C40FE700EE44CC /* libTestFlight.a */,
				B46B996319C40FE700EE44CC /* TestFlight.h */,
				B46B996419C40FE700EE44CC /* TestFlight+AsyncLogging.h */,
				B46B996519C40FE700EE44CC /* TestFlight+ManualSessions.h */,
				B4B12FA6195F5A5A005DBFF4 /* Main_iPhone.storyboard */,
				B4B12FA9195F5A5A005DBFF4 /* Main_iPad.storyboard */,
				B4B12FAC195F5A5A005DBFF4 /* STAViewController.h */,
				B4B12FAD195F5A5A005DBFF4 /* STAViewController.m */,
				B4B12FAF195F5A5A005DBFF4 /* STAMyScene.h */,
				B4B12FB0195F5A5A005DBFF4 /* STAMyScene.m */,
				B4B12FB4195F5A5A005DBFF4 /* Images.xcassets */,
				B4B12F9B195F5A5A005DBFF4 /* Supporting Files */,
				B4B12FD1195F5BCF005DBFF4 /* STATank.h */,
				B4B12FD2195F5BCF005DBFF4 /* STATank.m */,
				B4B12FD4195F5DA7005DBFF4 /* STAConstants.h */,
				B4B12FD5195F5DA7005DBFF4 /* STAConstants.m */,
				B4B12FD7195F6443005DBFF4 /* STAEnemyTank.h */,
				B4B12FD8195F6443005DBFF4 /* STAEnemyTank.m */,
				B4B12FDA195F645F005DBFF4 /* STABullet.h */,
				B4B12FDB195F645F005DBFF4 /* STABullet.m */,
				B4B12FDD195F650D005DBFF4 /* STAGameObject.h */,
				B4B12FDE195F6813005DBFF4 /* STAButton.h */,
				B4B12FDF195F6813005DBFF4 /* STAButton.m */,
				B4E5970A197C8F53003A87C0 /* STAAI.h */,
				B4E5970B197C8F53003A87C0 /* STAAI.m */,
				B44452A419A045E1009D0787 /* STAJeep.h */,
				B44452A519A045E1009D0787 /* STAJeep.m */,
				B44452A719A14B0E009D0787 /* STAShotgunTank.h */,
				B44452A819A14B0E009D0787 /* STAShotgunTank.m */,
				B44452AB19A1694F009D0787 /* STASniperTank.h */,
				B44452AC19A1694F009D0787 /* STASniperTank.m */,
				B44452B619A315FD009D0787 /* STAMCManager.h */,
				B44452B719A315FD009D0787 /* STAMCManager.m */,
				B44452B919A8F7C9009D0787 /* STAConnectionsViewController.h */,
				B44452BA19A8F7C9009D0787 /* STAConnectionsViewController.m */,
			);
			path = StealthAttack;
			sourceTree = "<group>";
		};
		B4B12F9B195F5A5A005DBFF4 /* Supporting Files */ = {
			isa = PBXGroup;
			children = (
				B4B12FF7197198A5005DBFF4 /* GRIDEG__.TTF */,
				B4B12FF3197196BD005DBFF4 /* phaserbank.ttf */,
				B4B12FF119718CE2005DBFF4 /* TRON.TTF */,
				B4B12FEF197189B7005DBFF4 /* LIBRIUM_.ttf */,
				B4B12FEB1971874A005DBFF4 /* PressStart2P-Regular.ttf */,
				B4B12F9C195F5A5A005DBFF4 /* StealthAttack-Info.plist */,
				B4B12F9D195F5A5A005DBFF4 /* InfoPlist.strings */,
				B4B12FA0195F5A5A005DBFF4 /* main.m */,
				B4B12FA2195F5A5A005DBFF4 /* StealthAttack-Prefix.pch */,
			);
			name = "Supporting Files";
			sourceTree = "<group>";
		};
		B4B12FC1195F5A5B005DBFF4 /* StealthAttackTests */ = {
			isa = PBXGroup;
			children = (
				B4B12FC7195F5A5B005DBFF4 /* StealthAttackTests.m */,
				B4B12FC2195F5A5B005DBFF4 /* Supporting Files */,
			);
			path = StealthAttackTests;
			sourceTree = "<group>";
		};
		B4B12FC2195F5A5B005DBFF4 /* Supporting Files */ = {
			isa = PBXGroup;
			children = (
				B4B12FC3195F5A5B005DBFF4 /* StealthAttackTests-Info.plist */,
				B4B12FC4195F5A5B005DBFF4 /* InfoPlist.strings */,
			);
			name = "Supporting Files";
			sourceTree = "<group>";
		};
		B4B12FE11969ADD1005DBFF4 /* stages */ = {
			isa = PBXGroup;
			children = (
				B4B12FE21969AE1B005DBFF4 /* STAStage.h */,
				B4B12FE31969AE1B005DBFF4 /* STAStage.m */,
				B4B12FE51969B2FC005DBFF4 /* STAStageObject.h */,
				B4B12FE619717A83005DBFF4 /* STAMainMenu.h */,
				B4B12FE719717A83005DBFF4 /* STAMainMenu.m */,
				B4B12FF91971A3E7005DBFF4 /* STASinglePlayerSelectOpponent.h */,
				B4B12FFA1971A3E7005DBFF4 /* STASinglePlayerSelectOpponent.m */,
				B4B12FFD1971F73C005DBFF4 /* STABattleStage.h */,
				B4B12FFE1971F73C005DBFF4 /* STABattleStage.m */,
				B4A9CE4619A981600097AAF0 /* STAMultiPlayerSelect.h */,
				B4A9CE4719A981600097AAF0 /* STAMultiPlayerSelect.m */,
				B4A9CE4919AA5C4A0097AAF0 /* STAMultiPlayBattleStage.h */,
				B4A9CE4A19AA5C4A0097AAF0 /* STAMultiPlayBattleStage.m */,
			);
			name = stages;
			sourceTree = "<group>";
		};
/* End PBXGroup section */

/* Begin PBXNativeTarget section */
		B4B12F8E195F5A5A005DBFF4 /* StealthAttack */ = {
			isa = PBXNativeTarget;
			buildConfigurationList = B4B12FCB195F5A5B005DBFF4 /* Build configuration list for PBXNativeTarget "StealthAttack" */;
			buildPhases = (
				B4B12F8B195F5A5A005DBFF4 /* Sources */,
				B4B12F8C195F5A5A005DBFF4 /* Frameworks */,
				B4B12F8D195F5A5A005DBFF4 /* Resources */,
			);
			buildRules = (
			);
			dependencies = (
			);
			name = StealthAttack;
			productName = StealthAttack;
			productReference = B4B12F8F195F5A5A005DBFF4 /* StealthAttack.app */;
			productType = "com.apple.product-type.application";
		};
		B4B12FB9195F5A5B005DBFF4 /* StealthAttackTests */ = {
			isa = PBXNativeTarget;
			buildConfigurationList = B4B12FCE195F5A5B005DBFF4 /* Build configuration list for PBXNativeTarget "StealthAttackTests" */;
			buildPhases = (
				B4B12FB6195F5A5B005DBFF4 /* Sources */,
				B4B12FB7195F5A5B005DBFF4 /* Frameworks */,
				B4B12FB8195F5A5B005DBFF4 /* Resources */,
			);
			buildRules = (
			);
			dependencies = (
				B4B12FC0195F5A5B005DBFF4 /* PBXTargetDependency */,
			);
			name = StealthAttackTests;
			productName = StealthAttackTests;
			productReference = B4B12FBA195F5A5B005DBFF4 /* StealthAttackTests.xctest */;
			productType = "com.apple.product-type.bundle.unit-test";
		};
/* End PBXNativeTarget section */

/* Begin PBXProject section */
		B4B12F87195F5A5A005DBFF4 /* Project object */ = {
			isa = PBXProject;
			attributes = {
				CLASSPREFIX = STA;
				LastUpgradeCheck = 0510;
				ORGANIZATIONNAME = noisysubmarine;
				TargetAttributes = {
					B4B12F8E195F5A5A005DBFF4 = {
						DevelopmentTeam = 6VK8HZF98U;
					};
					B4B12FB9195F5A5B005DBFF4 = {
						TestTargetID = B4B12F8E195F5A5A005DBFF4;
					};
				};
			};
			buildConfigurationList = B4B12F8A195F5A5A005DBFF4 /* Build configuration list for PBXProject "StealthAttack" */;
			compatibilityVersion = "Xcode 3.2";
			developmentRegion = English;
			hasScannedForEncodings = 0;
			knownRegions = (
				en,
				Base,
			);
			mainGroup = B4B12F86195F5A5A005DBFF4;
			productRefGroup = B4B12F90195F5A5A005DBFF4 /* Products */;
			projectDirPath = "";
			projectRoot = "";
			targets = (
				B4B12F8E195F5A5A005DBFF4 /* StealthAttack */,
				B4B12FB9195F5A5B005DBFF4 /* StealthAttackTests */,
			);
		};
/* End PBXProject section */

/* Begin PBXResourcesBuildPhase section */
		B4B12F8D195F5A5A005DBFF4 /* Resources */ = {
			isa = PBXResourcesBuildPhase;
			buildActionMask = 2147483647;
			files = (
				B4B12FF8197198A5005DBFF4 /* GRIDEG__.TTF in Resources */,
				B4B12FB5195F5A5A005DBFF4 /* Images.xcassets in Resources */,
				B4B12FF4197196BD005DBFF4 /* phaserbank.ttf in Resources */,
				B4B12FEC1971874A005DBFF4 /* PressStart2P-Regular.ttf in Resources */,
				B4B12FAB195F5A5A005DBFF4 /* Main_iPad.storyboard in Resources */,
				B4B12FF219718CE2005DBFF4 /* TRON.TTF in Resources */,
				B4B12FF0197189B7005DBFF4 /* LIBRIUM_.ttf in Resources */,
				B4B12FA8195F5A5A005DBFF4 /* Main_iPhone.storyboard in Resources */,
				B4B12F9F195F5A5A005DBFF4 /* InfoPlist.strings in Resources */,
			);
			runOnlyForDeploymentPostprocessing = 0;
		};
		B4B12FB8195F5A5B005DBFF4 /* Resources */ = {
			isa = PBXResourcesBuildPhase;
			buildActionMask = 2147483647;
			files = (
				B4B12FC6195F5A5B005DBFF4 /* InfoPlist.strings in Resources */,
			);
			runOnlyForDeploymentPostprocessing = 0;
		};
/* End PBXResourcesBuildPhase section */

/* Begin PBXSourcesBuildPhase section */
		B4B12F8B195F5A5A005DBFF4 /* Sources */ = {
			isa = PBXSourcesBuildPhase;
			buildActionMask = 2147483647;
			files = (
				B4B12FFF1971F73C005DBFF4 /* STABattleStage.m in Sources */,
				B4B12FA1195F5A5A005DBFF4 /* main.m in Sources */,
				B4B12FE819717A83005DBFF4 /* STAMainMenu.m in Sources */,
				B4B12FA5195F5A5A005DBFF4 /* STAAppDelegate.m in Sources */,
				B4B12FAE195F5A5A005DBFF4 /* STAViewController.m in Sources */,
				B4A9CE4B19AA5C4A0097AAF0 /* STAMultiPlayBattleStage.m in Sources */,
				B4B12FFB1971A3E7005DBFF4 /* STASinglePlayerSelectOpponent.m in Sources */,
				B4E5970C197C8F53003A87C0 /* STAAI.m in Sources */,
				B4B12FE41969AE1B005DBFF4 /* STAStage.m in Sources */,
				B4B12FD9195F6443005DBFF4 /* STAEnemyTank.m in Sources */,
				B44452A919A14B0E009D0787 /* STAShotgunTank.m in Sources */,
				B44452A619A045E1009D0787 /* STAJeep.m in Sources */,
				B44452BB19A8F7C9009D0787 /* STAConnectionsViewController.m in Sources */,
				B4B12FD3195F5BCF005DBFF4 /* STATank.m in Sources */,
				B4B12FD6195F5DA7005DBFF4 /* STAConstants.m in Sources */,
				B44452C419A8FA66009D0787 /* STAAppUtil.m in Sources */,
				B4B12FE0195F6813005DBFF4 /* STAButton.m in Sources */,
				B44452B819A315FD009D0787 /* STAMCManager.m in Sources */,
				B4B12FDC195F645F005DBFF4 /* STABullet.m in Sources */,
				B4B12FB1195F5A5A005DBFF4 /* STAMyScene.m in Sources */,
				B44452AD19A1694F009D0787 /* STASniperTank.m in Sources */,
				B4A9CE4819A981600097AAF0 /* STAMultiPlayerSelect.m in Sources */,
			);
			runOnlyForDeploymentPostprocessing = 0;
		};
		B4B12FB6195F5A5B005DBFF4 /* Sources */ = {
			isa = PBXSourcesBuildPhase;
			buildActionMask = 2147483647;
			files = (
				B4B12FC8195F5A5B005DBFF4 /* StealthAttackTests.m in Sources */,
			);
			runOnlyForDeploymentPostprocessing = 0;
		};
/* End PBXSourcesBuildPhase section */

/* Begin PBXTargetDependency section */
		B4B12FC0195F5A5B005DBFF4 /* PBXTargetDependency */ = {
			isa = PBXTargetDependency;
			target = B4B12F8E195F5A5A005DBFF4 /* StealthAttack */;
			targetProxy = B4B12FBF195F5A5B005DBFF4 /* PBXContainerItemProxy */;
		};
/* End PBXTargetDependency section */

/* Begin PBXVariantGroup section */
		B4B12F9D195F5A5A005DBFF4 /* InfoPlist.strings */ = {
			isa = PBXVariantGroup;
			children = (
				B4B12F9E195F5A5A005DBFF4 /* en */,
			);
			name = InfoPlist.strings;
			sourceTree = "<group>";
		};
		B4B12FA6195F5A5A005DBFF4 /* Main_iPhone.storyboard */ = {
			isa = PBXVariantGroup;
			children = (
				B4B12FA7195F5A5A005DBFF4 /* Base */,
			);
			name = Main_iPhone.storyboard;
			sourceTree = "<group>";
		};
		B4B12FA9195F5A5A005DBFF4 /* Main_iPad.storyboard */ = {
			isa = PBXVariantGroup;
			children = (
				B4B12FAA195F5A5A005DBFF4 /* Base */,
			);
			name = Main_iPad.storyboard;
			sourceTree = "<group>";
		};
		B4B12FC4195F5A5B005DBFF4 /* InfoPlist.strings */ = {
			isa = PBXVariantGroup;
			children = (
				B4B12FC5195F5A5B005DBFF4 /* en */,
			);
			name = InfoPlist.strings;
			sourceTree = "<group>";
		};
/* End PBXVariantGroup section */

/* Begin XCBuildConfiguration section */
		B4B12FC9195F5A5B005DBFF4 /* Debug */ = {
			isa = XCBuildConfiguration;
			buildSettings = {
				ALWAYS_SEARCH_USER_PATHS = NO;
				CLANG_CXX_LANGUAGE_STANDARD = "gnu++0x";
				CLANG_CXX_LIBRARY = "libc++";
				CLANG_ENABLE_MODULES = YES;
				CLANG_ENABLE_OBJC_ARC = YES;
				CLANG_WARN_BOOL_CONVERSION = YES;
				CLANG_WARN_CONSTANT_CONVERSION = YES;
				CLANG_WARN_DIRECT_OBJC_ISA_USAGE = YES_ERROR;
				CLANG_WARN_EMPTY_BODY = YES;
				CLANG_WARN_ENUM_CONVERSION = YES;
				CLANG_WARN_INT_CONVERSION = YES;
				CLANG_WARN_OBJC_ROOT_CLASS = YES_ERROR;
				CLANG_WARN__DUPLICATE_METHOD_MATCH = YES;
				"CODE_SIGN_IDENTITY[sdk=iphoneos*]" = "iPhone Developer";
				COPY_PHASE_STRIP = NO;
				GCC_C_LANGUAGE_STANDARD = gnu99;
				GCC_DYNAMIC_NO_PIC = NO;
				GCC_OPTIMIZATION_LEVEL = 0;
				GCC_PREPROCESSOR_DEFINITIONS = (
					"DEBUG=1",
					"$(inherited)",
				);
				GCC_SYMBOLS_PRIVATE_EXTERN = NO;
				GCC_WARN_64_TO_32_BIT_CONVERSION = YES;
				GCC_WARN_ABOUT_RETURN_TYPE = YES_ERROR;
				GCC_WARN_UNDECLARED_SELECTOR = YES;
				GCC_WARN_UNINITIALIZED_AUTOS = YES_AGGRESSIVE;
				GCC_WARN_UNUSED_FUNCTION = YES;
				GCC_WARN_UNUSED_VARIABLE = YES;
				IPHONEOS_DEPLOYMENT_TARGET = 7.1;
				ONLY_ACTIVE_ARCH = YES;
				SDKROOT = iphoneos;
				TARGETED_DEVICE_FAMILY = "1,2";
			};
			name = Debug;
		};
		B4B12FCA195F5A5B005DBFF4 /* Release */ = {
			isa = XCBuildConfiguration;
			buildSettings = {
				ALWAYS_SEARCH_USER_PATHS = NO;
				CLANG_CXX_LANGUAGE_STANDARD = "gnu++0x";
				CLANG_CXX_LIBRARY = "libc++";
				CLANG_ENABLE_MODULES = YES;
				CLANG_ENABLE_OBJC_ARC = YES;
				CLANG_WARN_BOOL_CONVERSION = YES;
				CLANG_WARN_CONSTANT_CONVERSION = YES;
				CLANG_WARN_DIRECT_OBJC_ISA_USAGE = YES_ERROR;
				CLANG_WARN_EMPTY_BODY = YES;
				CLANG_WARN_ENUM_CONVERSION = YES;
				CLANG_WARN_INT_CONVERSION = YES;
				CLANG_WARN_OBJC_ROOT_CLASS = YES_ERROR;
				CLANG_WARN__DUPLICATE_METHOD_MATCH = YES;
				"CODE_SIGN_IDENTITY[sdk=iphoneos*]" = "iPhone Developer";
				COPY_PHASE_STRIP = YES;
				ENABLE_NS_ASSERTIONS = NO;
				GCC_C_LANGUAGE_STANDARD = gnu99;
				GCC_WARN_64_TO_32_BIT_CONVERSION = YES;
				GCC_WARN_ABOUT_RETURN_TYPE = YES_ERROR;
				GCC_WARN_UNDECLARED_SELECTOR = YES;
				GCC_WARN_UNINITIALIZED_AUTOS = YES_AGGRESSIVE;
				GCC_WARN_UNUSED_FUNCTION = YES;
				GCC_WARN_UNUSED_VARIABLE = YES;
				IPHONEOS_DEPLOYMENT_TARGET = 7.1;
				SDKROOT = iphoneos;
				TARGETED_DEVICE_FAMILY = "1,2";
				VALIDATE_PRODUCT = YES;
			};
			name = Release;
		};
		B4B12FCC195F5A5B005DBFF4 /* Debug */ = {
			isa = XCBuildConfiguration;
			buildSettings = {
				ASSETCATALOG_COMPILER_APPICON_NAME = AppIcon;
				ASSETCATALOG_COMPILER_LAUNCHIMAGE_NAME = LaunchImage;
				CODE_SIGN_IDENTITY = "iPhone Developer";
				"CODE_SIGN_IDENTITY[sdk=iphoneos*]" = "iPhone Developer";
				GCC_PRECOMPILE_PREFIX_HEADER = YES;
				GCC_PREFIX_HEADER = "StealthAttack/StealthAttack-Prefix.pch";
				INFOPLIST_FILE = "StealthAttack/StealthAttack-Info.plist";
				LIBRARY_SEARCH_PATHS = (
					"$(inherited)",
					"$(PROJECT_DIR)/StealthAttack",
					"$(PROJECT_DIR)/FlurryAds",
					"$(PROJECT_DIR)/StealthAttack/Flurry",
				);
				PRODUCT_NAME = "$(TARGET_NAME)";
				PROVISIONING_PROFILE = "";
				SPRITEKIT_TEXTURE_ATLAS_OUTPUT = YES;
				WRAPPER_EXTENSION = app;
			};
			name = Debug;
		};
		B4B12FCD195F5A5B005DBFF4 /* Release */ = {
			isa = XCBuildConfiguration;
			buildSettings = {
				ASSETCATALOG_COMPILER_APPICON_NAME = AppIcon;
				ASSETCATALOG_COMPILER_LAUNCHIMAGE_NAME = LaunchImage;
				CODE_SIGN_IDENTITY = "iPhone Developer";
				"CODE_SIGN_IDENTITY[sdk=iphoneos*]" = "iPhone Developer";
				GCC_PRECOMPILE_PREFIX_HEADER = YES;
				GCC_PREFIX_HEADER = "StealthAttack/StealthAttack-Prefix.pch";
				INFOPLIST_FILE = "StealthAttack/StealthAttack-Info.plist";
				LIBRARY_SEARCH_PATHS = (
					"$(inherited)",
					"$(PROJECT_DIR)/StealthAttack",
					"$(PROJECT_DIR)/FlurryAds",
					"$(PROJECT_DIR)/StealthAttack/Flurry",
				);
				PRODUCT_NAME = "$(TARGET_NAME)";
				PROVISIONING_PROFILE = "";
				SPRITEKIT_TEXTURE_ATLAS_OUTPUT = YES;
				WRAPPER_EXTENSION = app;
			};
			name = Release;
		};
		B4B12FCF195F5A5B005DBFF4 /* Debug */ = {
			isa = XCBuildConfiguration;
			buildSettings = {
				BUNDLE_LOADER = "$(BUILT_PRODUCTS_DIR)/StealthAttack.app/StealthAttack";
				FRAMEWORK_SEARCH_PATHS = (
					"$(SDKROOT)/Developer/Library/Frameworks",
					"$(inherited)",
					"$(DEVELOPER_FRAMEWORKS_DIR)",
				);
				GCC_PRECOMPILE_PREFIX_HEADER = YES;
				GCC_PREFIX_HEADER = "StealthAttack/StealthAttack-Prefix.pch";
				GCC_PREPROCESSOR_DEFINITIONS = (
					"DEBUG=1",
					"$(inherited)",
				);
				INFOPLIST_FILE = "StealthAttackTests/StealthAttackTests-Info.plist";
				PRODUCT_NAME = "$(TARGET_NAME)";
				TEST_HOST = "$(BUNDLE_LOADER)";
				WRAPPER_EXTENSION = xctest;
			};
			name = Debug;
		};
		B4B12FD0195F5A5B005DBFF4 /* Release */ = {
			isa = XCBuildConfiguration;
			buildSettings = {
				BUNDLE_LOADER = "$(BUILT_PRODUCTS_DIR)/StealthAttack.app/StealthAttack";
				FRAMEWORK_SEARCH_PATHS = (
					"$(SDKROOT)/Developer/Library/Frameworks",
					"$(inherited)",
					"$(DEVELOPER_FRAMEWORKS_DIR)",
				);
				GCC_PRECOMPILE_PREFIX_HEADER = YES;
				GCC_PREFIX_HEADER = "StealthAttack/StealthAttack-Prefix.pch";
				INFOPLIST_FILE = "StealthAttackTests/StealthAttackTests-Info.plist";
				PRODUCT_NAME = "$(TARGET_NAME)";
				TEST_HOST = "$(BUNDLE_LOADER)";
				WRAPPER_EXTENSION = xctest;
			};
			name = Release;
		};
/* End XCBuildConfiguration section */

/* Begin XCConfigurationList section */
		B4B12F8A195F5A5A005DBFF4 /* Build configuration list for PBXProject "StealthAttack" */ = {
			isa = XCConfigurationList;
			buildConfigurations = (
				B4B12FC9195F5A5B005DBFF4 /* Debug */,
				B4B12FCA195F5A5B005DBFF4 /* Release */,
			);
			defaultConfigurationIsVisible = 0;
			defaultConfigurationName = Release;
		};
		B4B12FCB195F5A5B005DBFF4 /* Build configuration list for PBXNativeTarget "StealthAttack" */ = {
			isa = XCConfigurationList;
			buildConfigurations = (
				B4B12FCC195F5A5B005DBFF4 /* Debug */,
				B4B12FCD195F5A5B005DBFF4 /* Release */,
			);
			defaultConfigurationIsVisible = 0;
			defaultConfigurationName = Release;
		};
		B4B12FCE195F5A5B005DBFF4 /* Build configuration list for PBXNativeTarget "StealthAttackTests" */ = {
			isa = XCConfigurationList;
			buildConfigurations = (
				B4B12FCF195F5A5B005DBFF4 /* Debug */,
				B4B12FD0195F5A5B005DBFF4 /* Release */,
			);
			defaultConfigurationIsVisible = 0;
			defaultConfigurationName = Release;
		};
/* End XCConfigurationList section */
	};
	rootObject = B4B12F87195F5A5A005DBFF4 /* Project object */;
}
